
Microsoft Visual Studio Solution File, Format Version 12.00
# Visual Studio 2013
VisualStudioVersion = 12.0.21005.1
MinimumVisualStudioVersion = 10.0.40219.1
Project("{FAE04EC0-301F-11D3-BF4B-00C04F79EFBC}") = "Vizregress.Tests", "Vizregress.Tests\Vizregress.Tests.csproj", "{7D55024E-8490-4590-BE05-CC2206424CB2}"
EndProject
Project("{FAE04EC0-301F-11D3-BF4B-00C04F79EFBC}") = "Vizregress.BDD.Examples", "Vizregress.BDD.Examples\Vizregress.BDD.Examples.csproj", "{7BFAEE49-3300-439E-8970-2EBC90DDA434}"
EndProject
Project("{FAE04EC0-301F-11D3-BF4B-00C04F79EFBC}") = "Vizregress", "Vizregress\Vizregress.csproj", "{AD9CC508-37F3-4365-B635-25EE81F82D0F}"
EndProject
Project("{2150E333-8FDC-42A3-9474-1A3956D46DE8}") = "Solution Items", "Solution Items", "{1BAB3798-1909-4BA2-AA1C-3BF27F24F5D5}"
	ProjectSection(SolutionItems) = preProject
		readme.md = readme.md
	EndProjectSection
EndProject
Project("{2150E333-8FDC-42A3-9474-1A3956D46DE8}") = ".nuget", ".nuget", "{5D903EB7-3DBE-4F3E-B808-9657A0D2B31F}"
	ProjectSection(SolutionItems) = preProject
		.nuget\NuGet.Config = .nuget\NuGet.Config
		.nuget\NuGet.targets = .nuget\NuGet.targets
	EndProjectSection
EndProject
Project("{FAE04EC0-301F-11D3-BF4B-00C04F79EFBC}") = "Vizregress.BDD.Examples.Tests", "Vizregress.BDD.Examples.Tests\Vizregress.BDD.Examples.Tests.csproj", "{4F54ED79-1ACA-4877-A136-8864D46DBB3F}"
EndProject
Global
	GlobalSection(SolutionConfigurationPlatforms) = preSolution
		Debug|Any CPU = Debug|Any CPU
		Release|Any CPU = Release|Any CPU
	EndGlobalSection
	GlobalSection(ProjectConfigurationPlatforms) = postSolution
		{7D55024E-8490-4590-BE05-CC2206424CB2}.Debug|Any CPU.ActiveCfg = Debug|Any CPU
		{7D55024E-8490-4590-BE05-CC2206424CB2}.Debug|Any CPU.Build.0 = Debug|Any CPU
		{7D55024E-8490-4590-BE05-CC2206424CB2}.Release|Any CPU.ActiveCfg = Release|Any CPU
		{7D55024E-8490-4590-BE05-CC2206424CB2}.Release|Any CPU.Build.0 = Release|Any CPU
		{7BFAEE49-3300-439E-8970-2EBC90DDA434}.Debug|Any CPU.ActiveCfg = Debug|Any CPU
		{7BFAEE49-3300-439E-8970-2EBC90DDA434}.Debug|Any CPU.Build.0 = Debug|Any CPU
		{7BFAEE49-3300-439E-8970-2EBC90DDA434}.Release|Any CPU.ActiveCfg = Release|Any CPU
		{7BFAEE49-3300-439E-8970-2EBC90DDA434}.Release|Any CPU.Build.0 = Release|Any CPU
		{AD9CC508-37F3-4365-B635-25EE81F82D0F}.Debug|Any CPU.ActiveCfg = Debug|Any CPU
		{AD9CC508-37F3-4365-B635-25EE81F82D0F}.Debug|Any CPU.Build.0 = Debug|Any CPU
		{AD9CC508-37F3-4365-B635-25EE81F82D0F}.Release|Any CPU.ActiveCfg = Release|Any CPU
		{AD9CC508-37F3-4365-B635-25EE81F82D0F}.Release|Any CPU.Build.0 = Release|Any CPU
		{4F54ED79-1ACA-4877-A136-8864D46DBB3F}.Debug|Any CPU.ActiveCfg = Debug|Any CPU
		{4F54ED79-1ACA-4877-A136-8864D46DBB3F}.Debug|Any CPU.Build.0 = Debug|Any CPU
		{4F54ED79-1ACA-4877-A136-8864D46DBB3F}.Release|Any CPU.ActiveCfg = Release|Any CPU
		{4F54ED79-1ACA-4877-A136-8864D46DBB3F}.Release|Any CPU.Build.0 = Release|Any CPU
	EndGlobalSection
	GlobalSection(SolutionProperties) = preSolution
		HideSolutionNode = FALSE
	EndGlobalSection
EndGlobal
