
Microsoft Visual Studio Solution File, Format Version 12.00
# Visual Studio 2012
Project("{FAE04EC0-301F-11D3-BF4B-00C04F79EFBC}") = "Williamson.VDD", "Williamson.TDD\Williamson.VDD.csproj", "{AD9CC508-37F3-4365-B635-25EE81F82D0F}"
EndProject
Project("{FAE04EC0-301F-11D3-BF4B-00C04F79EFBC}") = "Williamson.VDD.Tests", "Williamson.TDD.Tests\Williamson.VDD.Tests.csproj", "{7D55024E-8490-4590-BE05-CC2206424CB2}"
EndProject
Project("{FAE04EC0-301F-11D3-BF4B-00C04F79EFBC}") = "Williamsons.BDD", "Williamsons.BDD\Williamsons.BDD.csproj", "{7BFAEE49-3300-439E-8970-2EBC90DDA434}"
EndProject
Global
	GlobalSection(SolutionConfigurationPlatforms) = preSolution
		Debug|Any CPU = Debug|Any CPU
		Release|Any CPU = Release|Any CPU
	EndGlobalSection
	GlobalSection(ProjectConfigurationPlatforms) = postSolution
		{AD9CC508-37F3-4365-B635-25EE81F82D0F}.Debug|Any CPU.ActiveCfg = Debug|Any CPU
		{AD9CC508-37F3-4365-B635-25EE81F82D0F}.Debug|Any CPU.Build.0 = Debug|Any CPU
		{AD9CC508-37F3-4365-B635-25EE81F82D0F}.Release|Any CPU.ActiveCfg = Release|Any CPU
		{AD9CC508-37F3-4365-B635-25EE81F82D0F}.Release|Any CPU.Build.0 = Release|Any CPU
		{7D55024E-8490-4590-BE05-CC2206424CB2}.Debug|Any CPU.ActiveCfg = Debug|Any CPU
		{7D55024E-8490-4590-BE05-CC2206424CB2}.Debug|Any CPU.Build.0 = Debug|Any CPU
		{7D55024E-8490-4590-BE05-CC2206424CB2}.Release|Any CPU.ActiveCfg = Release|Any CPU
		{7D55024E-8490-4590-BE05-CC2206424CB2}.Release|Any CPU.Build.0 = Release|Any CPU
		{7BFAEE49-3300-439E-8970-2EBC90DDA434}.Debug|Any CPU.ActiveCfg = Debug|Any CPU
		{7BFAEE49-3300-439E-8970-2EBC90DDA434}.Debug|Any CPU.Build.0 = Debug|Any CPU
		{7BFAEE49-3300-439E-8970-2EBC90DDA434}.Release|Any CPU.ActiveCfg = Release|Any CPU
		{7BFAEE49-3300-439E-8970-2EBC90DDA434}.Release|Any CPU.Build.0 = Release|Any CPU
	EndGlobalSection
	GlobalSection(SolutionProperties) = preSolution
		HideSolutionNode = FALSE
	EndGlobalSection
EndGlobal
