
Microsoft Visual Studio Solution File, Format Version 12.00
# Visual Studio 2012
Project("{FAE04EC0-301F-11D3-BF4B-00C04F79EFBC}") = "Williamson.VDD.Tests", "Williamson.VDD.Tests\Williamson.VDD.Tests.csproj", "{7D55024E-8490-4590-BE05-CC2206424CB2}"
EndProject
Project("{FAE04EC0-301F-11D3-BF4B-00C04F79EFBC}") = "Williamson.BDD", "Williamson.BDD\Williamson.BDD.csproj", "{7BFAEE49-3300-439E-8970-2EBC90DDA434}"
EndProject
Project("{FAE04EC0-301F-11D3-BF4B-00C04F79EFBC}") = "Williamson.VDD", "Williamson.VDD\Williamson.VDD.csproj", "{AD9CC508-37F3-4365-B635-25EE81F82D0F}"
EndProject
Project("{2150E333-8FDC-42A3-9474-1A3956D46DE8}") = "Solution Items", "Solution Items", "{1BAB3798-1909-4BA2-AA1C-3BF27F24F5D5}"
	ProjectSection(SolutionItems) = preProject
		readme.md = readme.md
	EndProjectSection
EndProject
Project("{FAE04EC0-301F-11D3-BF4B-00C04F79EFBC}") = "Williamson.BDD.Tests", "Williamson.BDD.Tests\Williamson.BDD.Tests.csproj", "{4F54ED79-1ACA-4877-A136-8864D46DBB3F}"
EndProject
Global
	GlobalSection(SolutionConfigurationPlatforms) = preSolution
		Debug|Any CPU = Debug|Any CPU
		Release|Any CPU = Release|Any CPU
	EndGlobalSection
	GlobalSection(ProjectConfigurationPlatforms) = postSolution
		{7D55024E-8490-4590-BE05-CC2206424CB2}.Debug|Any CPU.ActiveCfg = Debug|Any CPU
		{7D55024E-8490-4590-BE05-CC2206424CB2}.Debug|Any CPU.Build.0 = Debug|Any CPU
		{7D55024E-8490-4590-BE05-CC2206424CB2}.Release|Any CPU.ActiveCfg = Release|Any CPU
		{7D55024E-8490-4590-BE05-CC2206424CB2}.Release|Any CPU.Build.0 = Release|Any CPU
		{7BFAEE49-3300-439E-8970-2EBC90DDA434}.Debug|Any CPU.ActiveCfg = Debug|Any CPU
		{7BFAEE49-3300-439E-8970-2EBC90DDA434}.Debug|Any CPU.Build.0 = Debug|Any CPU
		{7BFAEE49-3300-439E-8970-2EBC90DDA434}.Release|Any CPU.ActiveCfg = Release|Any CPU
		{7BFAEE49-3300-439E-8970-2EBC90DDA434}.Release|Any CPU.Build.0 = Release|Any CPU
		{AD9CC508-37F3-4365-B635-25EE81F82D0F}.Debug|Any CPU.ActiveCfg = Debug|Any CPU
		{AD9CC508-37F3-4365-B635-25EE81F82D0F}.Debug|Any CPU.Build.0 = Debug|Any CPU
		{AD9CC508-37F3-4365-B635-25EE81F82D0F}.Release|Any CPU.ActiveCfg = Release|Any CPU
		{AD9CC508-37F3-4365-B635-25EE81F82D0F}.Release|Any CPU.Build.0 = Release|Any CPU
		{4F54ED79-1ACA-4877-A136-8864D46DBB3F}.Debug|Any CPU.ActiveCfg = Debug|Any CPU
		{4F54ED79-1ACA-4877-A136-8864D46DBB3F}.Debug|Any CPU.Build.0 = Debug|Any CPU
		{4F54ED79-1ACA-4877-A136-8864D46DBB3F}.Release|Any CPU.ActiveCfg = Release|Any CPU
		{4F54ED79-1ACA-4877-A136-8864D46DBB3F}.Release|Any CPU.Build.0 = Release|Any CPU
	EndGlobalSection
	GlobalSection(SolutionProperties) = preSolution
		HideSolutionNode = FALSE
	EndGlobalSection
EndGlobal
